
Microsoft Visual Studio Solution File, Format Version 12.00
# Visual Studio Version 16
VisualStudioVersion = 16.0.30804.86
MinimumVisualStudioVersion = 10.0.40219.1
Project("{9A19103F-16F7-4668-BE54-9A1E7A4F7556}") = "EFinancialCalculator.Core", "EFinancialCalculator.Core\EFinancialCalculator.Core.csproj", "{8CD0320A-824C-4132-9E5C-FB9D6DE03770}"
EndProject
Project("{9A19103F-16F7-4668-BE54-9A1E7A4F7556}") = "EFinancialCalculator.Desktop", "EFinancialCalculator.AvaloniaUI\EFinancialCalculator.Desktop.csproj", "{F6E20F23-8C6C-4FDF-ACE6-8AE426DF88A2}"
EndProject
Project("{FAE04EC0-301F-11D3-BF4B-00C04F79EFBC}") = "EFinancialCalculator.UnitTests", "Tests\EFinancialCalculator.UnitTests\EFinancialCalculator.UnitTests.csproj", "{9E6C4D53-7AA6-425C-B95D-1522E45D998D}"
EndProject
Global
	GlobalSection(SolutionConfigurationPlatforms) = preSolution
		Debug|Any CPU = Debug|Any CPU
		Release|Any CPU = Release|Any CPU
	EndGlobalSection
	GlobalSection(ProjectConfigurationPlatforms) = postSolution
		{8CD0320A-824C-4132-9E5C-FB9D6DE03770}.Debug|Any CPU.ActiveCfg = Debug|Any CPU
		{8CD0320A-824C-4132-9E5C-FB9D6DE03770}.Debug|Any CPU.Build.0 = Debug|Any CPU
		{8CD0320A-824C-4132-9E5C-FB9D6DE03770}.Release|Any CPU.ActiveCfg = Release|Any CPU
		{8CD0320A-824C-4132-9E5C-FB9D6DE03770}.Release|Any CPU.Build.0 = Release|Any CPU
		{F6E20F23-8C6C-4FDF-ACE6-8AE426DF88A2}.Debug|Any CPU.ActiveCfg = Debug|Any CPU
		{F6E20F23-8C6C-4FDF-ACE6-8AE426DF88A2}.Debug|Any CPU.Build.0 = Debug|Any CPU
		{F6E20F23-8C6C-4FDF-ACE6-8AE426DF88A2}.Release|Any CPU.ActiveCfg = Release|Any CPU
		{F6E20F23-8C6C-4FDF-ACE6-8AE426DF88A2}.Release|Any CPU.Build.0 = Release|Any CPU
		{9E6C4D53-7AA6-425C-B95D-1522E45D998D}.Debug|Any CPU.ActiveCfg = Debug|Any CPU
		{9E6C4D53-7AA6-425C-B95D-1522E45D998D}.Debug|Any CPU.Build.0 = Debug|Any CPU
		{9E6C4D53-7AA6-425C-B95D-1522E45D998D}.Release|Any CPU.ActiveCfg = Release|Any CPU
		{9E6C4D53-7AA6-425C-B95D-1522E45D998D}.Release|Any CPU.Build.0 = Release|Any CPU
	EndGlobalSection
	GlobalSection(SolutionProperties) = preSolution
		HideSolutionNode = FALSE
	EndGlobalSection
	GlobalSection(ExtensibilityGlobals) = postSolution
		SolutionGuid = {7E05B037-701B-4921-88DC-804BF599672C}
	EndGlobalSection
EndGlobal
